Microsoft Visual Studio Solution File, Format Version 12.00
# Visual Studio Version 17
VisualStudioVersion = 17.5.2.0
MinimumVisualStudioVersion = 10.0.40219.1
Project("{2150E333-8FDC-42A3-9474-1A3956D46DE8}") = "src", "src", "{827E0CD3-B72D-47B6-A68D-7590B98EB39B}"
EndProject
Project("{2150E333-8FDC-42A3-9474-1A3956D46DE8}") = "back-end", "back-end", "{52E142E3-7080-879A-15BF-04B4E345AA9D}"
EndProject
Project("{FAE04EC0-301F-11D3-BF4B-00C04F79EFBC}") = "GameClubService.API", "src\back-end\GameClubService.API\GameClubService.API.csproj", "{38074F8C-3B81-993C-9B10-AACDE817FA17}"
EndProject
Project("{FAE04EC0-301F-11D3-BF4B-00C04F79EFBC}") = "GameClubService.Infrastructure", "src\back-end\GameClubService.Infrastructure\GameClubService.Infrastructure.csproj", "{723460DB-B50C-7F53-BB07-050B1F91676C}"
EndProject
Project("{FAE04EC0-301F-11D3-BF4B-00C04F79EFBC}") = "GameClubService.Domain", "src\back-end\GameClubService.Domain\GameClubService.Domain.csproj", "{7F5E4DF4-F8E0-12ED-3C0F-BBF96F5DA46D}"
EndProject
Global
	GlobalSection(SolutionConfigurationPlatforms) = preSolution
		Debug|Any CPU = Debug|Any CPU
		Release|Any CPU = Release|Any CPU
	EndGlobalSection
	GlobalSection(ProjectConfigurationPlatforms) = postSolution
		{38074F8C-3B81-993C-9B10-AACDE817FA17}.Debug|Any CPU.ActiveCfg = Debug|Any CPU
		{38074F8C-3B81-993C-9B10-AACDE817FA17}.Debug|Any CPU.Build.0 = Debug|Any CPU
		{38074F8C-3B81-993C-9B10-AACDE817FA17}.Release|Any CPU.ActiveCfg = Release|Any CPU
		{38074F8C-3B81-993C-9B10-AACDE817FA17}.Release|Any CPU.Build.0 = Release|Any CPU
		{723460DB-B50C-7F53-BB07-050B1F91676C}.Debug|Any CPU.ActiveCfg = Debug|Any CPU
		{723460DB-B50C-7F53-BB07-050B1F91676C}.Debug|Any CPU.Build.0 = Debug|Any CPU
		{723460DB-B50C-7F53-BB07-050B1F91676C}.Release|Any CPU.ActiveCfg = Release|Any CPU
		{723460DB-B50C-7F53-BB07-050B1F91676C}.Release|Any CPU.Build.0 = Release|Any CPU
		{7F5E4DF4-F8E0-12ED-3C0F-BBF96F5DA46D}.Debug|Any CPU.ActiveCfg = Debug|Any CPU
		{7F5E4DF4-F8E0-12ED-3C0F-BBF96F5DA46D}.Debug|Any CPU.Build.0 = Debug|Any CPU
		{7F5E4DF4-F8E0-12ED-3C0F-BBF96F5DA46D}.Release|Any CPU.ActiveCfg = Release|Any CPU
		{7F5E4DF4-F8E0-12ED-3C0F-BBF96F5DA46D}.Release|Any CPU.Build.0 = Release|Any CPU
	EndGlobalSection
	GlobalSection(SolutionProperties) = preSolution
		HideSolutionNode = FALSE
	EndGlobalSection
	GlobalSection(NestedProjects) = preSolution
		{52E142E3-7080-879A-15BF-04B4E345AA9D} = {827E0CD3-B72D-47B6-A68D-7590B98EB39B}
		{38074F8C-3B81-993C-9B10-AACDE817FA17} = {52E142E3-7080-879A-15BF-04B4E345AA9D}
		{723460DB-B50C-7F53-BB07-050B1F91676C} = {52E142E3-7080-879A-15BF-04B4E345AA9D}
		{7F5E4DF4-F8E0-12ED-3C0F-BBF96F5DA46D} = {52E142E3-7080-879A-15BF-04B4E345AA9D}
	EndGlobalSection
	GlobalSection(ExtensibilityGlobals) = postSolution
		SolutionGuid = {36CCC251-44FB-4614-B01C-4F22C49F8C12}
	EndGlobalSection
EndGlobal
